
Microsoft Visual Studio Solution File, Format Version 12.00
# Visual Studio Version 17
VisualStudioVersion = 17.7.34009.444
MinimumVisualStudioVersion = 10.0.40219.1
Project("{FAE04EC0-301F-11D3-BF4B-00C04F79EFBC}") = "EFCore_Learning-Konfigürasyonlar", "EFCore_Learning-Konfigürasyonlar\EFCore_Learning-Konfigürasyonlar.csproj", "{44152FAA-07D1-4728-A195-C7CC6529C989}"
EndProject
Global
	GlobalSection(SolutionConfigurationPlatforms) = preSolution
		Debug|Any CPU = Debug|Any CPU
		Release|Any CPU = Release|Any CPU
	EndGlobalSection
	GlobalSection(ProjectConfigurationPlatforms) = postSolution
		{44152FAA-07D1-4728-A195-C7CC6529C989}.Debug|Any CPU.ActiveCfg = Debug|Any CPU
		{44152FAA-07D1-4728-A195-C7CC6529C989}.Debug|Any CPU.Build.0 = Debug|Any CPU
		{44152FAA-07D1-4728-A195-C7CC6529C989}.Release|Any CPU.ActiveCfg = Release|Any CPU
		{44152FAA-07D1-4728-A195-C7CC6529C989}.Release|Any CPU.Build.0 = Release|Any CPU
	EndGlobalSection
	GlobalSection(SolutionProperties) = preSolution
		HideSolutionNode = FALSE
	EndGlobalSection
	GlobalSection(ExtensibilityGlobals) = postSolution
		SolutionGuid = {BBE5B470-0629-44F2-B5BE-3D06C91C8DD5}
	EndGlobalSection
EndGlobal
